
Microsoft Visual Studio Solution File, Format Version 12.00
# Visual Studio Version 17
VisualStudioVersion = 17.1.32210.238
MinimumVisualStudioVersion = 10.0.40219.1
Project("{FAE04EC0-301F-11D3-BF4B-00C04F79EFBC}") = "UnattachedRebarApp", "UnattachedRebarApp\UnattachedRebarApp.csproj", "{8973A077-2859-4CF4-9332-A5DA2369B51B}"
EndProject
Global
	GlobalSection(SolutionConfigurationPlatforms) = preSolution
		Debug|Any CPU = Debug|Any CPU
		Release|Any CPU = Release|Any CPU
	EndGlobalSection
	GlobalSection(ProjectConfigurationPlatforms) = postSolution
		{8973A077-2859-4CF4-9332-A5DA2369B51B}.Debug|Any CPU.ActiveCfg = Debug|Any CPU
		{8973A077-2859-4CF4-9332-A5DA2369B51B}.Debug|Any CPU.Build.0 = Debug|Any CPU
		{8973A077-2859-4CF4-9332-A5DA2369B51B}.Release|Any CPU.ActiveCfg = Release|Any CPU
		{8973A077-2859-4CF4-9332-A5DA2369B51B}.Release|Any CPU.Build.0 = Release|Any CPU
	EndGlobalSection
	GlobalSection(SolutionProperties) = preSolution
		HideSolutionNode = FALSE
	EndGlobalSection
	GlobalSection(ExtensibilityGlobals) = postSolution
		SolutionGuid = {2D036C0B-245F-4C5E-B2B4-4FB2B50CC40F}
	EndGlobalSection
EndGlobal
